// !$*UTF8*$!
{
	archiveVersion = 1;
	classes = {
	};
	objectVersion = 56;
	objects = {

/* Begin PBXBuildFile section */
		19DB31D42C8A030800585D17 /* VineyardAssignmentApp.swift in Sources */ = {isa = PBXBuildFile; fileRef = 19DB31D32C8A030800585D17 /* VineyardAssignmentApp.swift */; };
		19DB31D62C8A030800585D17 /* ContentView.swift in Sources */ = {isa = PBXBuildFile; fileRef = 19DB31D52C8A030800585D17 /* ContentView.swift */; };
		19DB31D82C8A030900585D17 /* Assets.xcassets in Resources */ = {isa = PBXBuildFile; fileRef = 19DB31D72C8A030900585D17 /* Assets.xcassets */; };
		19DB31DB2C8A030900585D17 /* Preview Assets.xcassets in Resources */ = {isa = PBXBuildFile; fileRef = 19DB31DA2C8A030900585D17 /* Preview Assets.xcassets */; };
		19DB31E52C8A030900585D17 /* VineyardAssignmentTests.swift in Sources */ = {isa = PBXBuildFile; fileRef = 19DB31E42C8A030900585D17 /* VineyardAssignmentTests.swift */; };
		19DB31EF2C8A030900585D17 /* VineyardAssignmentUITests.swift in Sources */ = {isa = PBXBuildFile; fileRef = 19DB31EE2C8A030900585D17 /* VineyardAssignmentUITests.swift */; };
		19DB31F12C8A030900585D17 /* VineyardAssignmentUITestsLaunchTests.swift in Sources */ = {isa = PBXBuildFile; fileRef = 19DB31F02C8A030900585D17 /* VineyardAssignmentUITestsLaunchTests.swift */; };
		B7A636C92C8A2EB600D38DC7 /* Model.swift in Sources */ = {isa = PBXBuildFile; fileRef = B7A636C82C8A2EB300D38DC7 /* Model.swift */; };
		B7A636CB2C8A2EBF00D38DC7 /* ViewModel.swift in Sources */ = {isa = PBXBuildFile; fileRef = B7A636CA2C8A2EBC00D38DC7 /* ViewModel.swift */; };
		EACEC1062C8E969500319641 /* ItemView.swift in Sources */ = {isa = PBXBuildFile; fileRef = EACEC1052C8E969500319641 /* ItemView.swift */; };
		EAFCBAF82C91081D00F426F1 /* ResetPassword.swift in Sources */ = {isa = PBXBuildFile; fileRef = EAFCBAF72C91081D00F426F1 /* ResetPassword.swift */; };
		EAFCBAFC2C91093A00F426F1 /* ListView.swift in Sources */ = {isa = PBXBuildFile; fileRef = EAFCBAFB2C91093A00F426F1 /* ListView.swift */; };
		EAFCBAFE2C910E6400F426F1 /* LoginView.swift in Sources */ = {isa = PBXBuildFile; fileRef = EAFCBAFD2C910E6400F426F1 /* LoginView.swift */; };
/* End PBXBuildFile section */

/* Begin PBXContainerItemProxy section */
		19DB31E12C8A030900585D17 /* PBXContainerItemProxy */ = {
			isa = PBXContainerItemProxy;
			containerPortal = 19DB31C82C8A030800585D17 /* Project object */;
			proxyType = 1;
			remoteGlobalIDString = 19DB31CF2C8A030800585D17;
			remoteInfo = VineyardAssignment;
		};
		19DB31EB2C8A030900585D17 /* PBXContainerItemProxy */ = {
			isa = PBXContainerItemProxy;
			containerPortal = 19DB31C82C8A030800585D17 /* Project object */;
			proxyType = 1;
			remoteGlobalIDString = 19DB31CF2C8A030800585D17;
			remoteInfo = VineyardAssignment;
		};
/* End PBXContainerItemProxy section */

/* Begin PBXFileReference section */
		19DB31D02C8A030800585D17 /* VineyardAssignment.app */ = {isa = PBXFileReference; explicitFileType = wrapper.application; includeInIndex = 0; path = VineyardAssignment.app; sourceTree = BUILT_PRODUCTS_DIR; };
		19DB31D32C8A030800585D17 /* VineyardAssignmentApp.swift */ = {isa = PBXFileReference; lastKnownFileType = sourcecode.swift; path = VineyardAssignmentApp.swift; sourceTree = "<group>"; };
		19DB31D52C8A030800585D17 /* ContentView.swift */ = {isa = PBXFileReference; lastKnownFileType = sourcecode.swift; path = ContentView.swift; sourceTree = "<group>"; };
		19DB31D72C8A030900585D17 /* Assets.xcassets */ = {isa = PBXFileReference; lastKnownFileType = folder.assetcatalog; path = Assets.xcassets; sourceTree = "<group>"; };
		19DB31DA2C8A030900585D17 /* Preview Assets.xcassets */ = {isa = PBXFileReference; lastKnownFileType = folder.assetcatalog; path = "Preview Assets.xcassets"; sourceTree = "<group>"; };
		19DB31E02C8A030900585D17 /* VineyardAssignmentTests.xctest */ = {isa = PBXFileReference; explicitFileType = wrapper.cfbundle; includeInIndex = 0; path = VineyardAssignmentTests.xctest; sourceTree = BUILT_PRODUCTS_DIR; };
		19DB31E42C8A030900585D17 /* VineyardAssignmentTests.swift */ = {isa = PBXFileReference; lastKnownFileType = sourcecode.swift; path = VineyardAssignmentTests.swift; sourceTree = "<group>"; };
		19DB31EA2C8A030900585D17 /* VineyardAssignmentUITests.xctest */ = {isa = PBXFileReference; explicitFileType = wrapper.cfbundle; includeInIndex = 0; path = VineyardAssignmentUITests.xctest; sourceTree = BUILT_PRODUCTS_DIR; };
		19DB31EE2C8A030900585D17 /* VineyardAssignmentUITests.swift */ = {isa = PBXFileReference; lastKnownFileType = sourcecode.swift; path = VineyardAssignmentUITests.swift; sourceTree = "<group>"; };
		19DB31F02C8A030900585D17 /* VineyardAssignmentUITestsLaunchTests.swift */ = {isa = PBXFileReference; lastKnownFileType = sourcecode.swift; path = VineyardAssignmentUITestsLaunchTests.swift; sourceTree = "<group>"; };
		B7A636C82C8A2EB300D38DC7 /* Model.swift */ = {isa = PBXFileReference; lastKnownFileType = sourcecode.swift; path = Model.swift; sourceTree = "<group>"; };
		B7A636CA2C8A2EBC00D38DC7 /* ViewModel.swift */ = {isa = PBXFileReference; lastKnownFileType = sourcecode.swift; path = ViewModel.swift; sourceTree = "<group>"; };
		EACEC1052C8E969500319641 /* ItemView.swift */ = {isa = PBXFileReference; lastKnownFileType = sourcecode.swift; path = ItemView.swift; sourceTree = "<group>"; };
		EAFCBAF72C91081D00F426F1 /* ResetPassword.swift */ = {isa = PBXFileReference; lastKnownFileType = sourcecode.swift; path = ResetPassword.swift; sourceTree = "<group>"; };
		EAFCBAFB2C91093A00F426F1 /* ListView.swift */ = {isa = PBXFileReference; lastKnownFileType = sourcecode.swift; path = ListView.swift; sourceTree = "<group>"; };
		EAFCBAFD2C910E6400F426F1 /* LoginView.swift */ = {isa = PBXFileReference; lastKnownFileType = sourcecode.swift; path = LoginView.swift; sourceTree = "<group>"; };
/* End PBXFileReference section */

/* Begin PBXFrameworksBuildPhase section */
		19DB31CD2C8A030800585D17 /* Frameworks */ = {
			isa = PBXFrameworksBuildPhase;
			buildActionMask = 2147483647;
			files = (
			);
			runOnlyForDeploymentPostprocessing = 0;
		};
		19DB31DD2C8A030900585D17 /* Frameworks */ = {
			isa = PBXFrameworksBuildPhase;
			buildActionMask = 2147483647;
			files = (
			);
			runOnlyForDeploymentPostprocessing = 0;
		};
		19DB31E72C8A030900585D17 /* Frameworks */ = {
			isa = PBXFrameworksBuildPhase;
			buildActionMask = 2147483647;
			files = (
			);
			runOnlyForDeploymentPostprocessing = 0;
		};
/* End PBXFrameworksBuildPhase section */

/* Begin PBXGroup section */
		19DB31C72C8A030800585D17 = {
			isa = PBXGroup;
			children = (
				19DB31D22C8A030800585D17 /* VineyardAssignment */,
				19DB31E32C8A030900585D17 /* VineyardAssignmentTests */,
				19DB31ED2C8A030900585D17 /* VineyardAssignmentUITests */,
				19DB31D12C8A030800585D17 /* Products */,
			);
			sourceTree = "<group>";
		};
		19DB31D12C8A030800585D17 /* Products */ = {
			isa = PBXGroup;
			children = (
				19DB31D02C8A030800585D17 /* VineyardAssignment.app */,
				19DB31E02C8A030900585D17 /* VineyardAssignmentTests.xctest */,
				19DB31EA2C8A030900585D17 /* VineyardAssignmentUITests.xctest */,
			);
			name = Products;
			sourceTree = "<group>";
		};
		19DB31D22C8A030800585D17 /* VineyardAssignment */ = {
			isa = PBXGroup;
			children = (
				19DB31D32C8A030800585D17 /* VineyardAssignmentApp.swift */,
				19DB31D52C8A030800585D17 /* ContentView.swift */,
				B7A636C82C8A2EB300D38DC7 /* Model.swift */,
				B7A636CA2C8A2EBC00D38DC7 /* ViewModel.swift */,
				EACEC1052C8E969500319641 /* ItemView.swift */,
				EAFCBAF72C91081D00F426F1 /* ResetPassword.swift */,
				EAFCBAFB2C91093A00F426F1 /* ListView.swift */,
				EAFCBAFD2C910E6400F426F1 /* LoginView.swift */,
				19DB31D72C8A030900585D17 /* Assets.xcassets */,
				19DB31D92C8A030900585D17 /* Preview Content */,
			);
			path = VineyardAssignment;
			sourceTree = "<group>";
		};
		19DB31D92C8A030900585D17 /* Preview Content */ = {
			isa = PBXGroup;
			children = (
				19DB31DA2C8A030900585D17 /* Preview Assets.xcassets */,
			);
			path = "Preview Content";
			sourceTree = "<group>";
		};
		19DB31E32C8A030900585D17 /* VineyardAssignmentTests */ = {
			isa = PBXGroup;
			children = (
				19DB31E42C8A030900585D17 /* VineyardAssignmentTests.swift */,
			);
			path = VineyardAssignmentTests;
			sourceTree = "<group>";
		};
		19DB31ED2C8A030900585D17 /* VineyardAssignmentUITests */ = {
			isa = PBXGroup;
			children = (
				19DB31EE2C8A030900585D17 /* VineyardAssignmentUITests.swift */,
				19DB31F02C8A030900585D17 /* VineyardAssignmentUITestsLaunchTests.swift */,
			);
			path = VineyardAssignmentUITests;
			sourceTree = "<group>";
		};
/* End PBXGroup section */

/* Begin PBXNativeTarget section */
		19DB31CF2C8A030800585D17 /* VineyardAssignment */ = {
			isa = PBXNativeTarget;
			buildConfigurationList = 19DB31F42C8A030900585D17 /* Build configuration list for PBXNativeTarget "VineyardAssignment" */;
			buildPhases = (
				19DB31CC2C8A030800585D17 /* Sources */,
				19DB31CD2C8A030800585D17 /* Frameworks */,
				19DB31CE2C8A030800585D17 /* Resources */,
			);
			buildRules = (
			);
			dependencies = (
			);
			name = VineyardAssignment;
			productName = VineyardAssignment;
			productReference = 19DB31D02C8A030800585D17 /* VineyardAssignment.app */;
			productType = "com.apple.product-type.application";
		};
		19DB31DF2C8A030900585D17 /* VineyardAssignmentTests */ = {
			isa = PBXNativeTarget;
			buildConfigurationList = 19DB31F72C8A030900585D17 /* Build configuration list for PBXNativeTarget "VineyardAssignmentTests" */;
			buildPhases = (
				19DB31DC2C8A030900585D17 /* Sources */,
				19DB31DD2C8A030900585D17 /* Frameworks */,
				19DB31DE2C8A030900585D17 /* Resources */,
			);
			buildRules = (
			);
			dependencies = (
				19DB31E22C8A030900585D17 /* PBXTargetDependency */,
			);
			name = VineyardAssignmentTests;
			productName = VineyardAssignmentTests;
			productReference = 19DB31E02C8A030900585D17 /* VineyardAssignmentTests.xctest */;
			productType = "com.apple.product-type.bundle.unit-test";
		};
		19DB31E92C8A030900585D17 /* VineyardAssignmentUITests */ = {
			isa = PBXNativeTarget;
			buildConfigurationList = 19DB31FA2C8A030900585D17 /* Build configuration list for PBXNativeTarget "VineyardAssignmentUITests" */;
			buildPhases = (
				19DB31E62C8A030900585D17 /* Sources */,
				19DB31E72C8A030900585D17 /* Frameworks */,
				19DB31E82C8A030900585D17 /* Resources */,
			);
			buildRules = (
			);
			dependencies = (
				19DB31EC2C8A030900585D17 /* PBXTargetDependency */,
			);
			name = VineyardAssignmentUITests;
			productName = VineyardAssignmentUITests;
			productReference = 19DB31EA2C8A030900585D17 /* VineyardAssignmentUITests.xctest */;
			productType = "com.apple.product-type.bundle.ui-testing";
		};
/* End PBXNativeTarget section */

/* Begin PBXProject section */
		19DB31C82C8A030800585D17 /* Project object */ = {
			isa = PBXProject;
			attributes = {
				BuildIndependentTargetsInParallel = 1;
				LastSwiftUpdateCheck = 1530;
				LastUpgradeCheck = 1530;
				TargetAttributes = {
					19DB31CF2C8A030800585D17 = {
						CreatedOnToolsVersion = 15.3;
					};
					19DB31DF2C8A030900585D17 = {
						CreatedOnToolsVersion = 15.3;
						TestTargetID = 19DB31CF2C8A030800585D17;
					};
					19DB31E92C8A030900585D17 = {
						CreatedOnToolsVersion = 15.3;
						TestTargetID = 19DB31CF2C8A030800585D17;
					};
				};
			};
			buildConfigurationList = 19DB31CB2C8A030800585D17 /* Build configuration list for PBXProject "VineyardAssignment" */;
			compatibilityVersion = "Xcode 14.0";
			developmentRegion = en;
			hasScannedForEncodings = 0;
			knownRegions = (
				en,
				Base,
			);
			mainGroup = 19DB31C72C8A030800585D17;
			productRefGroup = 19DB31D12C8A030800585D17 /* Products */;
			projectDirPath = "";
			projectRoot = "";
			targets = (
				19DB31CF2C8A030800585D17 /* VineyardAssignment */,
				19DB31DF2C8A030900585D17 /* VineyardAssignmentTests */,
				19DB31E92C8A030900585D17 /* VineyardAssignmentUITests */,
			);
		};
/* End PBXProject section */

/* Begin PBXResourcesBuildPhase section */
		19DB31CE2C8A030800585D17 /* Resources */ = {
			isa = PBXResourcesBuildPhase;
			buildActionMask = 2147483647;
			files = (
				19DB31DB2C8A030900585D17 /* Preview Assets.xcassets in Resources */,
				19DB31D82C8A030900585D17 /* Assets.xcassets in Resources */,
			);
			runOnlyForDeploymentPostprocessing = 0;
		};
		19DB31DE2C8A030900585D17 /* Resources */ = {
			isa = PBXResourcesBuildPhase;
			buildActionMask = 2147483647;
			files = (
			);
			runOnlyForDeploymentPostprocessing = 0;
		};
		19DB31E82C8A030900585D17 /* Resources */ = {
			isa = PBXResourcesBuildPhase;
			buildActionMask = 2147483647;
			files = (
			);
			runOnlyForDeploymentPostprocessing = 0;
		};
/* End PBXResourcesBuildPhase section */

/* Begin PBXSourcesBuildPhase section */
		19DB31CC2C8A030800585D17 /* Sources */ = {
			isa = PBXSourcesBuildPhase;
			buildActionMask = 2147483647;
			files = (
				EAFCBAF82C91081D00F426F1 /* ResetPassword.swift in Sources */,
				B7A636C92C8A2EB600D38DC7 /* Model.swift in Sources */,
				19DB31D62C8A030800585D17 /* ContentView.swift in Sources */,
				EAFCBAFC2C91093A00F426F1 /* ListView.swift in Sources */,
				B7A636CB2C8A2EBF00D38DC7 /* ViewModel.swift in Sources */,
				EACEC1062C8E969500319641 /* ItemView.swift in Sources */,
				EAFCBAFE2C910E6400F426F1 /* LoginView.swift in Sources */,
				19DB31D42C8A030800585D17 /* VineyardAssignmentApp.swift in Sources */,
			);
			runOnlyForDeploymentPostprocessing = 0;
		};
		19DB31DC2C8A030900585D17 /* Sources */ = {
			isa = PBXSourcesBuildPhase;
			buildActionMask = 2147483647;
			files = (
				19DB31E52C8A030900585D17 /* VineyardAssignmentTests.swift in Sources */,
			);
			runOnlyForDeploymentPostprocessing = 0;
		};
		19DB31E62C8A030900585D17 /* Sources */ = {
			isa = PBXSourcesBuildPhase;
			buildActionMask = 2147483647;
			files = (
				19DB31EF2C8A030900585D17 /* VineyardAssignmentUITests.swift in Sources */,
				19DB31F12C8A030900585D17 /* VineyardAssignmentUITestsLaunchTests.swift in Sources */,
			);
			runOnlyForDeploymentPostprocessing = 0;
		};
/* End PBXSourcesBuildPhase section */

/* Begin PBXTargetDependency section */
		19DB31E22C8A030900585D17 /* PBXTargetDependency */ = {
			isa = PBXTargetDependency;
			target = 19DB31CF2C8A030800585D17 /* VineyardAssignment */;
			targetProxy = 19DB31E12C8A030900585D17 /* PBXContainerItemProxy */;
		};
		19DB31EC2C8A030900585D17 /* PBXTargetDependency */ = {
			isa = PBXTargetDependency;
			target = 19DB31CF2C8A030800585D17 /* VineyardAssignment */;
			targetProxy = 19DB31EB2C8A030900585D17 /* PBXContainerItemProxy */;
		};
/* End PBXTargetDependency section */

/* Begin XCBuildConfiguration section */
		19DB31F22C8A030900585D17 /* Debug */ = {
			isa = XCBuildConfiguration;
			buildSettings = {
				ALWAYS_SEARCH_USER_PATHS = NO;
				ASSETCATALOG_COMPILER_GENERATE_SWIFT_ASSET_SYMBOL_EXTENSIONS = YES;
				CLANG_ANALYZER_NONNULL = YES;
				CLANG_ANALYZER_NUMBER_OBJECT_CONVERSION = YES_AGGRESSIVE;
				CLANG_CXX_LANGUAGE_STANDARD = "gnu++20";
				CLANG_ENABLE_MODULES = YES;
				CLANG_ENABLE_OBJC_ARC = YES;
				CLANG_ENABLE_OBJC_WEAK = YES;
				CLANG_WARN_BLOCK_CAPTURE_AUTORELEASING = YES;
				CLANG_WARN_BOOL_CONVERSION = YES;
				CLANG_WARN_COMMA = YES;
				CLANG_WARN_CONSTANT_CONVERSION = YES;
				CLANG_WARN_DEPRECATED_OBJC_IMPLEMENTATIONS = YES;
				CLANG_WARN_DIRECT_OBJC_ISA_USAGE = YES_ERROR;
				CLANG_WARN_DOCUMENTATION_COMMENTS = YES;
				CLANG_WARN_EMPTY_BODY = YES;
				CLANG_WARN_ENUM_CONVERSION = YES;
				CLANG_WARN_INFINITE_RECURSION = YES;
				CLANG_WARN_INT_CONVERSION = YES;
				CLANG_WARN_NON_LITERAL_NULL_CONVERSION = YES;
				CLANG_WARN_OBJC_IMPLICIT_RETAIN_SELF = YES;
				CLANG_WARN_OBJC_LITERAL_CONVERSION = YES;
				CLANG_WARN_OBJC_ROOT_CLASS = YES_ERROR;
				CLANG_WARN_QUOTED_INCLUDE_IN_FRAMEWORK_HEADER = YES;
				CLANG_WARN_RANGE_LOOP_ANALYSIS = YES;
				CLANG_WARN_STRICT_PROTOTYPES = YES;
				CLANG_WARN_SUSPICIOUS_MOVE = YES;
				CLANG_WARN_UNGUARDED_AVAILABILITY = YES_AGGRESSIVE;
				CLANG_WARN_UNREACHABLE_CODE = YES;
				CLANG_WARN__DUPLICATE_METHOD_MATCH = YES;
				COPY_PHASE_STRIP = NO;
				DEBUG_INFORMATION_FORMAT = dwarf;
				ENABLE_STRICT_OBJC_MSGSEND = YES;
				ENABLE_TESTABILITY = YES;
				ENABLE_USER_SCRIPT_SANDBOXING = YES;
				GCC_C_LANGUAGE_STANDARD = gnu17;
				GCC_DYNAMIC_NO_PIC = NO;
				GCC_NO_COMMON_BLOCKS = YES;
				GCC_OPTIMIZATION_LEVEL = 0;
				GCC_PREPROCESSOR_DEFINITIONS = (
					"DEBUG=1",
					"$(inherited)",
				);
				GCC_WARN_64_TO_32_BIT_CONVERSION = YES;
				GCC_WARN_ABOUT_RETURN_TYPE = YES_ERROR;
				GCC_WARN_UNDECLARED_SELECTOR = YES;
				GCC_WARN_UNINITIALIZED_AUTOS = YES_AGGRESSIVE;
				GCC_WARN_UNUSED_FUNCTION = YES;
				GCC_WARN_UNUSED_VARIABLE = YES;
				IPHONEOS_DEPLOYMENT_TARGET = 17.4;
				LOCALIZATION_PREFERS_STRING_CATALOGS = YES;
				MTL_ENABLE_DEBUG_INFO = INCLUDE_SOURCE;
				MTL_FAST_MATH = YES;
				ONLY_ACTIVE_ARCH = YES;
				SDKROOT = iphoneos;
				SWIFT_ACTIVE_COMPILATION_CONDITIONS = "DEBUG $(inherited)";
				SWIFT_OPTIMIZATION_LEVEL = "-Onone";
			};
			name = Debug;
		};
		19DB31F32C8A030900585D17 /* Release */ = {
			isa = XCBuildConfiguration;
			buildSettings = {
				ALWAYS_SEARCH_USER_PATHS = NO;
				ASSETCATALOG_COMPILER_GENERATE_SWIFT_ASSET_SYMBOL_EXTENSIONS = YES;
				CLANG_ANALYZER_NONNULL = YES;
				CLANG_ANALYZER_NUMBER_OBJECT_CONVERSION = YES_AGGRESSIVE;
				CLANG_CXX_LANGUAGE_STANDARD = "gnu++20";
				CLANG_ENABLE_MODULES = YES;
				CLANG_ENABLE_OBJC_ARC = YES;
				CLANG_ENABLE_OBJC_WEAK = YES;
				CLANG_WARN_BLOCK_CAPTURE_AUTORELEASING = YES;
				CLANG_WARN_BOOL_CONVERSION = YES;
				CLANG_WARN_COMMA = YES;
				CLANG_WARN_CONSTANT_CONVERSION = YES;
				CLANG_WARN_DEPRECATED_OBJC_IMPLEMENTATIONS = YES;
				CLANG_WARN_DIRECT_OBJC_ISA_USAGE = YES_ERROR;
				CLANG_WARN_DOCUMENTATION_COMMENTS = YES;
				CLANG_WARN_EMPTY_BODY = YES;
				CLANG_WARN_ENUM_CONVERSION = YES;
				CLANG_WARN_INFINITE_RECURSION = YES;
				CLANG_WARN_INT_CONVERSION = YES;
				CLANG_WARN_NON_LITERAL_NULL_CONVERSION = YES;
				CLANG_WARN_OBJC_IMPLICIT_RETAIN_SELF = YES;
				CLANG_WARN_OBJC_LITERAL_CONVERSION = YES;
				CLANG_WARN_OBJC_ROOT_CLASS = YES_ERROR;
				CLANG_WARN_QUOTED_INCLUDE_IN_FRAMEWORK_HEADER = YES;
				CLANG_WARN_RANGE_LOOP_ANALYSIS = YES;
				CLANG_WARN_STRICT_PROTOTYPES = YES;
				CLANG_WARN_SUSPICIOUS_MOVE = YES;
				CLANG_WARN_UNGUARDED_AVAILABILITY = YES_AGGRESSIVE;
				CLANG_WARN_UNREACHABLE_CODE = YES;
				CLANG_WARN__DUPLICATE_METHOD_MATCH = YES;
				COPY_PHASE_STRIP = NO;
				DEBUG_INFORMATION_FORMAT = "dwarf-with-dsym";
				ENABLE_NS_ASSERTIONS = NO;
				ENABLE_STRICT_OBJC_MSGSEND = YES;
				ENABLE_USER_SCRIPT_SANDBOXING = YES;
				GCC_C_LANGUAGE_STANDARD = gnu17;
				GCC_NO_COMMON_BLOCKS = YES;
				GCC_WARN_64_TO_32_BIT_CONVERSION = YES;
				GCC_WARN_ABOUT_RETURN_TYPE = YES_ERROR;
				GCC_WARN_UNDECLARED_SELECTOR = YES;
				GCC_WARN_UNINITIALIZED_AUTOS = YES_AGGRESSIVE;
				GCC_WARN_UNUSED_FUNCTION = YES;
				GCC_WARN_UNUSED_VARIABLE = YES;
				IPHONEOS_DEPLOYMENT_TARGET = 17.4;
				LOCALIZATION_PREFERS_STRING_CATALOGS = YES;
				MTL_ENABLE_DEBUG_INFO = NO;
				MTL_FAST_MATH = YES;
				SDKROOT = iphoneos;
				SWIFT_COMPILATION_MODE = wholemodule;
				VALIDATE_PRODUCT = YES;
			};
			name = Release;
		};
		19DB31F52C8A030900585D17 /* Debug */ = {
			isa = XCBuildConfiguration;
			buildSettings = {
				ASSETCATALOG_COMPILER_APPICON_NAME = AppIcon;
				ASSETCATALOG_COMPILER_GLOBAL_ACCENT_COLOR_NAME = AccentColor;
				CODE_SIGN_STYLE = Automatic;
				CURRENT_PROJECT_VERSION = 1;
				DEVELOPMENT_ASSET_PATHS = "\"VineyardAssignment/Preview Content\"";
				DEVELOPMENT_TEAM = "";
				ENABLE_PREVIEWS = YES;
				GENERATE_INFOPLIST_FILE = YES;
				INFOPLIST_KEY_UIApplicationSceneManifest_Generation = YES;
				INFOPLIST_KEY_UIApplicationSupportsIndirectInputEvents = YES;
				INFOPLIST_KEY_UILaunchScreen_Generation = YES;
				INFOPLIST_KEY_UISupportedInterfaceOrientations_iPad = "UIInterfaceOrientationPortrait UIInterfaceOrientationPortraitUpsideDown UIInterfaceOrientationLandscapeLeft UIInterfaceOrientationLandscapeRight";
				INFOPLIST_KEY_UISupportedInterfaceOrientations_iPhone = "UIInterfaceOrientationPortrait UIInterfaceOrientationLandscapeLeft UIInterfaceOrientationLandscapeRight";
				LD_RUNPATH_SEARCH_PATHS = (
					"$(inherited)",
					"@executable_path/Frameworks",
				);
				MARKETING_VERSION = 1.0;
				PRODUCT_BUNDLE_IDENTIFIER = com.sankaet.VineyardAssignment;
				PRODUCT_NAME = "$(TARGET_NAME)";
				SWIFT_EMIT_LOC_STRINGS = YES;
				SWIFT_VERSION = 5.0;
				TARGETED_DEVICE_FAMILY = "1,2";
			};
			name = Debug;
		};
		19DB31F62C8A030900585D17 /* Release */ = {
			isa = XCBuildConfiguration;
			buildSettings = {
				ASSETCATALOG_COMPILER_APPICON_NAME = AppIcon;
				ASSETCATALOG_COMPILER_GLOBAL_ACCENT_COLOR_NAME = AccentColor;
				CODE_SIGN_STYLE = Automatic;
				CURRENT_PROJECT_VERSION = 1;
				DEVELOPMENT_ASSET_PATHS = "\"VineyardAssignment/Preview Content\"";
				DEVELOPMENT_TEAM = "";
				ENABLE_PREVIEWS = YES;
				GENERATE_INFOPLIST_FILE = YES;
				INFOPLIST_KEY_UIApplicationSceneManifest_Generation = YES;
				INFOPLIST_KEY_UIApplicationSupportsIndirectInputEvents = YES;
				INFOPLIST_KEY_UILaunchScreen_Generation = YES;
				INFOPLIST_KEY_UISupportedInterfaceOrientations_iPad = "UIInterfaceOrientationPortrait UIInterfaceOrientationPortraitUpsideDown UIInterfaceOrientationLandscapeLeft UIInterfaceOrientationLandscapeRight";
				INFOPLIST_KEY_UISupportedInterfaceOrientations_iPhone = "UIInterfaceOrientationPortrait UIInterfaceOrientationLandscapeLeft UIInterfaceOrientationLandscapeRight";
				LD_RUNPATH_SEARCH_PATHS = (
					"$(inherited)",
					"@executable_path/Frameworks",
				);
				MARKETING_VERSION = 1.0;
				PRODUCT_BUNDLE_IDENTIFIER = com.sankaet.VineyardAssignment;
				PRODUCT_NAME = "$(TARGET_NAME)";
				SWIFT_EMIT_LOC_STRINGS = YES;
				SWIFT_VERSION = 5.0;
				TARGETED_DEVICE_FAMILY = "1,2";
			};
			name = Release;
		};
		19DB31F82C8A030900585D17 /* Debug */ = {
			isa = XCBuildConfiguration;
			buildSettings = {
				ALWAYS_EMBED_SWIFT_STANDARD_LIBRARIES = YES;
				BUNDLE_LOADER = "$(TEST_HOST)";
				CODE_SIGN_STYLE = Automatic;
				CURRENT_PROJECT_VERSION = 1;
				DEVELOPMENT_TEAM = D46454C83G;
				GENERATE_INFOPLIST_FILE = YES;
				IPHONEOS_DEPLOYMENT_TARGET = 17.4;
				MARKETING_VERSION = 1.0;
				PRODUCT_BUNDLE_IDENTIFIER = com.sankaet.VineyardAssignmentTests;
				PRODUCT_NAME = "$(TARGET_NAME)";
				SWIFT_EMIT_LOC_STRINGS = NO;
				SWIFT_VERSION = 5.0;
				TARGETED_DEVICE_FAMILY = "1,2";
				TEST_HOST = "$(BUILT_PRODUCTS_DIR)/VineyardAssignment.app/$(BUNDLE_EXECUTABLE_FOLDER_PATH)/VineyardAssignment";
			};
			name = Debug;
		};
		19DB31F92C8A030900585D17 /* Release */ = {
			isa = XCBuildConfiguration;
			buildSettings = {
				ALWAYS_EMBED_SWIFT_STANDARD_LIBRARIES = YES;
				BUNDLE_LOADER = "$(TEST_HOST)";
				CODE_SIGN_STYLE = Automatic;
				CURRENT_PROJECT_VERSION = 1;
				DEVELOPMENT_TEAM = D46454C83G;
				GENERATE_INFOPLIST_FILE = YES;
				IPHONEOS_DEPLOYMENT_TARGET = 17.4;
				MARKETING_VERSION = 1.0;
				PRODUCT_BUNDLE_IDENTIFIER = com.sankaet.VineyardAssignmentTests;
				PRODUCT_NAME = "$(TARGET_NAME)";
				SWIFT_EMIT_LOC_STRINGS = NO;
				SWIFT_VERSION = 5.0;
				TARGETED_DEVICE_FAMILY = "1,2";
				TEST_HOST = "$(BUILT_PRODUCTS_DIR)/VineyardAssignment.app/$(BUNDLE_EXECUTABLE_FOLDER_PATH)/VineyardAssignment";
			};
			name = Release;
		};
		19DB31FB2C8A030900585D17 /* Debug */ = {
			isa = XCBuildConfiguration;
			buildSettings = {
				ALWAYS_EMBED_SWIFT_STANDARD_LIBRARIES = YES;
				CODE_SIGN_STYLE = Automatic;
				CURRENT_PROJECT_VERSION = 1;
				DEVELOPMENT_TEAM = D46454C83G;
				GENERATE_INFOPLIST_FILE = YES;
				MARKETING_VERSION = 1.0;
				PRODUCT_BUNDLE_IDENTIFIER = com.sankaet.VineyardAssignmentUITests;
				PRODUCT_NAME = "$(TARGET_NAME)";
				SWIFT_EMIT_LOC_STRINGS = NO;
				SWIFT_VERSION = 5.0;
				TARGETED_DEVICE_FAMILY = "1,2";
				TEST_TARGET_NAME = VineyardAssignment;
			};
			name = Debug;
		};
		19DB31FC2C8A030900585D17 /* Release */ = {
			isa = XCBuildConfiguration;
			buildSettings = {
				ALWAYS_EMBED_SWIFT_STANDARD_LIBRARIES = YES;
				CODE_SIGN_STYLE = Automatic;
				CURRENT_PROJECT_VERSION = 1;
				DEVELOPMENT_TEAM = D46454C83G;
				GENERATE_INFOPLIST_FILE = YES;
				MARKETING_VERSION = 1.0;
				PRODUCT_BUNDLE_IDENTIFIER = com.sankaet.VineyardAssignmentUITests;
				PRODUCT_NAME = "$(TARGET_NAME)";
				SWIFT_EMIT_LOC_STRINGS = NO;
				SWIFT_VERSION = 5.0;
				TARGETED_DEVICE_FAMILY = "1,2";
				TEST_TARGET_NAME = VineyardAssignment;
			};
			name = Release;
		};
/* End XCBuildConfiguration section */

/* Begin XCConfigurationList section */
		19DB31CB2C8A030800585D17 /* Build configuration list for PBXProject "VineyardAssignment" */ = {
			isa = XCConfigurationList;
			buildConfigurations = (
				19DB31F22C8A030900585D17 /* Debug */,
				19DB31F32C8A030900585D17 /* Release */,
			);
			defaultConfigurationIsVisible = 0;
			defaultConfigurationName = Release;
		};
		19DB31F42C8A030900585D17 /* Build configuration list for PBXNativeTarget "VineyardAssignment" */ = {
			isa = XCConfigurationList;
			buildConfigurations = (
				19DB31F52C8A030900585D17 /* Debug */,
				19DB31F62C8A030900585D17 /* Release */,
			);
			defaultConfigurationIsVisible = 0;
			defaultConfigurationName = Release;
		};
		19DB31F72C8A030900585D17 /* Build configuration list for PBXNativeTarget "VineyardAssignmentTests" */ = {
			isa = XCConfigurationList;
			buildConfigurations = (
				19DB31F82C8A030900585D17 /* Debug */,
				19DB31F92C8A030900585D17 /* Release */,
			);
			defaultConfigurationIsVisible = 0;
			defaultConfigurationName = Release;
		};
		19DB31FA2C8A030900585D17 /* Build configuration list for PBXNativeTarget "VineyardAssignmentUITests" */ = {
			isa = XCConfigurationList;
			buildConfigurations = (
				19DB31FB2C8A030900585D17 /* Debug */,
				19DB31FC2C8A030900585D17 /* Release */,
			);
			defaultConfigurationIsVisible = 0;
			defaultConfigurationName = Release;
		};
/* End XCConfigurationList section */
	};
	rootObject = 19DB31C82C8A030800585D17 /* Project object */;
}
